// !$*UTF8*$!
{
	archiveVersion = 1;
	classes = {
	};
	objectVersion = 46;
	objects = {

/* Begin PBXBuildFile section */
		00410CEC8C082C4DEC948495 /* Pods_reading_list.framework in Frameworks */ = {isa = PBXBuildFile; fileRef = 9B6277FAA50C574C15363BFB /* Pods_reading_list.framework */; };
		AB1EF7351F4C1FAA00BD2A4B /* AppDelegate.swift in Sources */ = {isa = PBXBuildFile; fileRef = AB1EF7341F4C1FAA00BD2A4B /* AppDelegate.swift */; };
		AB1EF7371F4C1FAA00BD2A4B /* ViewController.swift in Sources */ = {isa = PBXBuildFile; fileRef = AB1EF7361F4C1FAA00BD2A4B /* ViewController.swift */; };
		AB1EF73A1F4C1FAA00BD2A4B /* Main.storyboard in Resources */ = {isa = PBXBuildFile; fileRef = AB1EF7381F4C1FAA00BD2A4B /* Main.storyboard */; };
		AB1EF73C1F4C1FAA00BD2A4B /* Assets.xcassets in Resources */ = {isa = PBXBuildFile; fileRef = AB1EF73B1F4C1FAA00BD2A4B /* Assets.xcassets */; };
		AB1EF73F1F4C1FAA00BD2A4B /* LaunchScreen.storyboard in Resources */ = {isa = PBXBuildFile; fileRef = AB1EF73D1F4C1FAA00BD2A4B /* LaunchScreen.storyboard */; };
		AB1EF7661F4D614400BD2A4B /* contentsTableViewCell.swift in Sources */ = {isa = PBXBuildFile; fileRef = AB1EF7641F4D614400BD2A4B /* contentsTableViewCell.swift */; };
		AB1EF7671F4D614400BD2A4B /* contentsTableViewCell.xib in Resources */ = {isa = PBXBuildFile; fileRef = AB1EF7651F4D614400BD2A4B /* contentsTableViewCell.xib */; };
/* End PBXBuildFile section */

/* Begin PBXFileReference section */
		9B6277FAA50C574C15363BFB /* Pods_reading_list.framework */ = {isa = PBXFileReference; explicitFileType = wrapper.framework; includeInIndex = 0; path = Pods_reading_list.framework; sourceTree = BUILT_PRODUCTS_DIR; };
		A5FD5D3B4EEE7A841DADB117 /* Pods-reading_list.debug.xcconfig */ = {isa = PBXFileReference; includeInIndex = 1; lastKnownFileType = text.xcconfig; name = "Pods-reading_list.debug.xcconfig"; path = "Pods/Target Support Files/Pods-reading_list/Pods-reading_list.debug.xcconfig"; sourceTree = "<group>"; };
		AB1EF7311F4C1FAA00BD2A4B /* reading_list.app */ = {isa = PBXFileReference; explicitFileType = wrapper.application; includeInIndex = 0; path = reading_list.app; sourceTree = BUILT_PRODUCTS_DIR; };
		AB1EF7341F4C1FAA00BD2A4B /* AppDelegate.swift */ = {isa = PBXFileReference; lastKnownFileType = sourcecode.swift; path = AppDelegate.swift; sourceTree = "<group>"; };
		AB1EF7361F4C1FAA00BD2A4B /* ViewController.swift */ = {isa = PBXFileReference; lastKnownFileType = sourcecode.swift; path = ViewController.swift; sourceTree = "<group>"; };
		AB1EF7391F4C1FAA00BD2A4B /* Base */ = {isa = PBXFileReference; lastKnownFileType = file.storyboard; name = Base; path = Base.lproj/Main.storyboard; sourceTree = "<group>"; };
		AB1EF73B1F4C1FAA00BD2A4B /* Assets.xcassets */ = {isa = PBXFileReference; lastKnownFileType = folder.assetcatalog; path = Assets.xcassets; sourceTree = "<group>"; };
		AB1EF73E1F4C1FAA00BD2A4B /* Base */ = {isa = PBXFileReference; lastKnownFileType = file.storyboard; name = Base; path = Base.lproj/LaunchScreen.storyboard; sourceTree = "<group>"; };
		AB1EF7401F4C1FAA00BD2A4B /* Info.plist */ = {isa = PBXFileReference; lastKnownFileType = text.plist.xml; path = Info.plist; sourceTree = "<group>"; };
		AB1EF7641F4D614400BD2A4B /* contentsTableViewCell.swift */ = {isa = PBXFileReference; fileEncoding = 4; lastKnownFileType = sourcecode.swift; path = contentsTableViewCell.swift; sourceTree = "<group>"; };
		AB1EF7651F4D614400BD2A4B /* contentsTableViewCell.xib */ = {isa = PBXFileReference; fileEncoding = 4; lastKnownFileType = file.xib; path = contentsTableViewCell.xib; sourceTree = "<group>"; };
		F57784ECCA1B4A9F10BE6455 /* Pods-reading_list.release.xcconfig */ = {isa = PBXFileReference; includeInIndex = 1; lastKnownFileType = text.xcconfig; name = "Pods-reading_list.release.xcconfig"; path = "Pods/Target Support Files/Pods-reading_list/Pods-reading_list.release.xcconfig"; sourceTree = "<group>"; };
/* End PBXFileReference section */

/* Begin PBXFrameworksBuildPhase section */
		AB1EF72E1F4C1FAA00BD2A4B /* Frameworks */ = {
			isa = PBXFrameworksBuildPhase;
			buildActionMask = 2147483647;
			files = (
				00410CEC8C082C4DEC948495 /* Pods_reading_list.framework in Frameworks */,
			);
			runOnlyForDeploymentPostprocessing = 0;
		};
/* End PBXFrameworksBuildPhase section */

/* Begin PBXGroup section */
		09381EBC0B0305977B96A867 /* Frameworks */ = {
			isa = PBXGroup;
			children = (
				9B6277FAA50C574C15363BFB /* Pods_reading_list.framework */,
			);
			name = Frameworks;
			sourceTree = "<group>";
		};
		AB1EF7281F4C1FAA00BD2A4B = {
			isa = PBXGroup;
			children = (
				AB1EF7331F4C1FAA00BD2A4B /* reading_list */,
				AB1EF7321F4C1FAA00BD2A4B /* Products */,
				DC8D1812BC140C84A47B959C /* Pods */,
				09381EBC0B0305977B96A867 /* Frameworks */,
			);
			sourceTree = "<group>";
		};
		AB1EF7321F4C1FAA00BD2A4B /* Products */ = {
			isa = PBXGroup;
			children = (
				AB1EF7311F4C1FAA00BD2A4B /* reading_list.app */,
			);
			name = Products;
			sourceTree = "<group>";
		};
		AB1EF7331F4C1FAA00BD2A4B /* reading_list */ = {
			isa = PBXGroup;
			children = (
				AB1EF7341F4C1FAA00BD2A4B /* AppDelegate.swift */,
				AB1EF7361F4C1FAA00BD2A4B /* ViewController.swift */,
				AB1EF7381F4C1FAA00BD2A4B /* Main.storyboard */,
				AB1EF73B1F4C1FAA00BD2A4B /* Assets.xcassets */,
				AB1EF73D1F4C1FAA00BD2A4B /* LaunchScreen.storyboard */,
				AB1EF7641F4D614400BD2A4B /* contentsTableViewCell.swift */,
				AB1EF7651F4D614400BD2A4B /* contentsTableViewCell.xib */,
				AB1EF7401F4C1FAA00BD2A4B /* Info.plist */,
			);
			path = reading_list;
			sourceTree = "<group>";
		};
		DC8D1812BC140C84A47B959C /* Pods */ = {
			isa = PBXGroup;
			children = (
				A5FD5D3B4EEE7A841DADB117 /* Pods-reading_list.debug.xcconfig */,
				F57784ECCA1B4A9F10BE6455 /* Pods-reading_list.release.xcconfig */,
			);
			name = Pods;
			sourceTree = "<group>";
		};
/* End PBXGroup section */

/* Begin PBXNativeTarget section */
		AB1EF7301F4C1FAA00BD2A4B /* reading_list */ = {
			isa = PBXNativeTarget;
			buildConfigurationList = AB1EF7431F4C1FAA00BD2A4B /* Build configuration list for PBXNativeTarget "reading_list" */;
			buildPhases = (
				EAA1828590CF7225B9B12552 /* [CP] Check Pods Manifest.lock */,
				AB1EF72D1F4C1FAA00BD2A4B /* Sources */,
				AB1EF72E1F4C1FAA00BD2A4B /* Frameworks */,
				AB1EF72F1F4C1FAA00BD2A4B /* Resources */,
				442E5B702866DAF2857EC3E9 /* [CP] Embed Pods Frameworks */,
				3A8AC7D37AE02A2A6BB76C34 /* [CP] Copy Pods Resources */,
			);
			buildRules = (
			);
			dependencies = (
			);
			name = reading_list;
			productName = reading_list;
			productReference = AB1EF7311F4C1FAA00BD2A4B /* reading_list.app */;
			productType = "com.apple.product-type.application";
		};
/* End PBXNativeTarget section */

/* Begin PBXProject section */
		AB1EF7291F4C1FAA00BD2A4B /* Project object */ = {
			isa = PBXProject;
			attributes = {
				LastSwiftUpdateCheck = 0830;
				LastUpgradeCheck = 0830;
				ORGANIZATIONNAME = nttr;
				TargetAttributes = {
					AB1EF7301F4C1FAA00BD2A4B = {
						CreatedOnToolsVersion = 8.3.3;
						ProvisioningStyle = Automatic;
					};
				};
			};
			buildConfigurationList = AB1EF72C1F4C1FAA00BD2A4B /* Build configuration list for PBXProject "reading_list" */;
			compatibilityVersion = "Xcode 3.2";
			developmentRegion = English;
			hasScannedForEncodings = 0;
			knownRegions = (
				en,
				Base,
			);
			mainGroup = AB1EF7281F4C1FAA00BD2A4B;
			productRefGroup = AB1EF7321F4C1FAA00BD2A4B /* Products */;
			projectDirPath = "";
			projectRoot = "";
			targets = (
				AB1EF7301F4C1FAA00BD2A4B /* reading_list */,
			);
		};
/* End PBXProject section */

/* Begin PBXResourcesBuildPhase section */
		AB1EF72F1F4C1FAA00BD2A4B /* Resources */ = {
			isa = PBXResourcesBuildPhase;
			buildActionMask = 2147483647;
			files = (
				AB1EF73F1F4C1FAA00BD2A4B /* LaunchScreen.storyboard in Resources */,
				AB1EF73C1F4C1FAA00BD2A4B /* Assets.xcassets in Resources */,
				AB1EF73A1F4C1FAA00BD2A4B /* Main.storyboard in Resources */,
				AB1EF7671F4D614400BD2A4B /* contentsTableViewCell.xib in Resources */,
			);
			runOnlyForDeploymentPostprocessing = 0;
		};
/* End PBXResourcesBuildPhase section */

/* Begin PBXShellScriptBuildPhase section */
		3A8AC7D37AE02A2A6BB76C34 /* [CP] Copy Pods Resources */ = {
			isa = PBXShellScriptBuildPhase;
			buildActionMask = 2147483647;
			files = (
			);
			inputPaths = (
			);
			name = "[CP] Copy Pods Resources";
			outputPaths = (
			);
			runOnlyForDeploymentPostprocessing = 0;
			shellPath = /bin/sh;
			shellScript = "\"${SRCROOT}/Pods/Target Support Files/Pods-reading_list/Pods-reading_list-resources.sh\"\n";
			showEnvVarsInLog = 0;
		};
		442E5B702866DAF2857EC3E9 /* [CP] Embed Pods Frameworks */ = {
			isa = PBXShellScriptBuildPhase;
			buildActionMask = 2147483647;
			files = (
			);
			inputPaths = (
			);
			name = "[CP] Embed Pods Frameworks";
			outputPaths = (
			);
			runOnlyForDeploymentPostprocessing = 0;
			shellPath = /bin/sh;
			shellScript = "\"${SRCROOT}/Pods/Target Support Files/Pods-reading_list/Pods-reading_list-frameworks.sh\"\n";
			showEnvVarsInLog = 0;
		};
		EAA1828590CF7225B9B12552 /* [CP] Check Pods Manifest.lock */ = {
			isa = PBXShellScriptBuildPhase;
			buildActionMask = 2147483647;
			files = (
			);
			inputPaths = (
			);
			name = "[CP] Check Pods Manifest.lock";
			outputPaths = (
			);
			runOnlyForDeploymentPostprocessing = 0;
			shellPath = /bin/sh;
			shellScript = "diff \"${PODS_PODFILE_DIR_PATH}/Podfile.lock\" \"${PODS_ROOT}/Manifest.lock\" > /dev/null\nif [ $? != 0 ] ; then\n    # print error to STDERR\n    echo \"error: The sandbox is not in sync with the Podfile.lock. Run 'pod install' or update your CocoaPods installation.\" >&2\n    exit 1\nfi\n";
			showEnvVarsInLog = 0;
		};
/* End PBXShellScriptBuildPhase section */

/* Begin PBXSourcesBuildPhase section */
		AB1EF72D1F4C1FAA00BD2A4B /* Sources */ = {
			isa = PBXSourcesBuildPhase;
			buildActionMask = 2147483647;
			files = (
				AB1EF7661F4D614400BD2A4B /* contentsTableViewCell.swift in Sources */,
				AB1EF7371F4C1FAA00BD2A4B /* ViewController.swift in Sources */,
				AB1EF7351F4C1FAA00BD2A4B /* AppDelegate.swift in Sources */,
			);
			runOnlyForDeploymentPostprocessing = 0;
		};
/* End PBXSourcesBuildPhase section */

/* Begin PBXVariantGroup section */
		AB1EF7381F4C1FAA00BD2A4B /* Main.storyboard */ = {
			isa = PBXVariantGroup;
			children = (
				AB1EF7391F4C1FAA00BD2A4B /* Base */,
			);
			name = Main.storyboard;
			sourceTree = "<group>";
		};
		AB1EF73D1F4C1FAA00BD2A4B /* LaunchScreen.storyboard */ = {
			isa = PBXVariantGroup;
			children = (
				AB1EF73E1F4C1FAA00BD2A4B /* Base */,
			);
			name = LaunchScreen.storyboard;
			sourceTree = "<group>";
		};
/* End PBXVariantGroup section */

/* Begin XCBuildConfiguration section */
		AB1EF7411F4C1FAA00BD2A4B /* Debug */ = {
			isa = XCBuildConfiguration;
			buildSettings = {
				ALWAYS_SEARCH_USER_PATHS = NO;
				CLANG_ANALYZER_NONNULL = YES;
				CLANG_ANALYZER_NUMBER_OBJECT_CONVERSION = YES_AGGRESSIVE;
				CLANG_CXX_LANGUAGE_STANDARD = "gnu++0x";
				CLANG_CXX_LIBRARY = "libc++";
				CLANG_ENABLE_MODULES = YES;
				CLANG_ENABLE_OBJC_ARC = YES;
				CLANG_WARN_BOOL_CONVERSION = YES;
				CLANG_WARN_CONSTANT_CONVERSION = YES;
				CLANG_WARN_DIRECT_OBJC_ISA_USAGE = YES_ERROR;
				CLANG_WARN_DOCUMENTATION_COMMENTS = YES;
				CLANG_WARN_EMPTY_BODY = YES;
				CLANG_WARN_ENUM_CONVERSION = YES;
				CLANG_WARN_INFINITE_RECURSION = YES;
				CLANG_WARN_INT_CONVERSION = YES;
				CLANG_WARN_OBJC_ROOT_CLASS = YES_ERROR;
				CLANG_WARN_SUSPICIOUS_MOVE = YES;
				CLANG_WARN_UNREACHABLE_CODE = YES;
				CLANG_WARN__DUPLICATE_METHOD_MATCH = YES;
				"CODE_SIGN_IDENTITY[sdk=iphoneos*]" = "iPhone Developer";
				COPY_PHASE_STRIP = NO;
				DEBUG_INFORMATION_FORMAT = dwarf;
				ENABLE_STRICT_OBJC_MSGSEND = YES;
				ENABLE_TESTABILITY = YES;
				GCC_C_LANGUAGE_STANDARD = gnu99;
				GCC_DYNAMIC_NO_PIC = NO;
				GCC_NO_COMMON_BLOCKS = YES;
				GCC_OPTIMIZATION_LEVEL = 0;
				GCC_PREPROCESSOR_DEFINITIONS = (
					"DEBUG=1",
					"$(inherited)",
				);
				GCC_WARN_64_TO_32_BIT_CONVERSION = YES;
				GCC_WARN_ABOUT_RETURN_TYPE = YES_ERROR;
				GCC_WARN_UNDECLARED_SELECTOR = YES;
				GCC_WARN_UNINITIALIZED_AUTOS = YES_AGGRESSIVE;
				GCC_WARN_UNUSED_FUNCTION = YES;
				GCC_WARN_UNUSED_VARIABLE = YES;
				IPHONEOS_DEPLOYMENT_TARGET = 10.3;
				MTL_ENABLE_DEBUG_INFO = YES;
				ONLY_ACTIVE_ARCH = YES;
				SDKROOT = iphoneos;
				SWIFT_ACTIVE_COMPILATION_CONDITIONS = DEBUG;
				SWIFT_OPTIMIZATION_LEVEL = "-Onone";
				TARGETED_DEVICE_FAMILY = "1,2";
			};
			name = Debug;
		};
		AB1EF7421F4C1FAA00BD2A4B /* Release */ = {
			isa = XCBuildConfiguration;
			buildSettings = {
				ALWAYS_SEARCH_USER_PATHS = NO;
				CLANG_ANALYZER_NONNULL = YES;
				CLANG_ANALYZER_NUMBER_OBJECT_CONVERSION = YES_AGGRESSIVE;
				CLANG_CXX_LANGUAGE_STANDARD = "gnu++0x";
				CLANG_CXX_LIBRARY = "libc++";
				CLANG_ENABLE_MODULES = YES;
				CLANG_ENABLE_OBJC_ARC = YES;
				CLANG_WARN_BOOL_CONVERSION = YES;
				CLANG_WARN_CONSTANT_CONVERSION = YES;
				CLANG_WARN_DIRECT_OBJC_ISA_USAGE = YES_ERROR;
				CLANG_WARN_DOCUMENTATION_COMMENTS = YES;
				CLANG_WARN_EMPTY_BODY = YES;
				CLANG_WARN_ENUM_CONVERSION = YES;
				CLANG_WARN_INFINITE_RECURSION = YES;
				CLANG_WARN_INT_CONVERSION = YES;
				CLANG_WARN_OBJC_ROOT_CLASS = YES_ERROR;
				CLANG_WARN_SUSPICIOUS_MOVE = YES;
				CLANG_WARN_UNREACHABLE_CODE = YES;
				CLANG_WARN__DUPLICATE_METHOD_MATCH = YES;
				"CODE_SIGN_IDENTITY[sdk=iphoneos*]" = "iPhone Developer";
				COPY_PHASE_STRIP = NO;
				DEBUG_INFORMATION_FORMAT = "dwarf-with-dsym";
				ENABLE_NS_ASSERTIONS = NO;
				ENABLE_STRICT_OBJC_MSGSEND = YES;
				GCC_C_LANGUAGE_STANDARD = gnu99;
				GCC_NO_COMMON_BLOCKS = YES;
				GCC_WARN_64_TO_32_BIT_CONVERSION = YES;
				GCC_WARN_ABOUT_RETURN_TYPE = YES_ERROR;
				GCC_WARN_UNDECLARED_SELECTOR = YES;
				GCC_WARN_UNINITIALIZED_AUTOS = YES_AGGRESSIVE;
				GCC_WARN_UNUSED_FUNCTION = YES;
				GCC_WARN_UNUSED_VARIABLE = YES;
				IPHONEOS_DEPLOYMENT_TARGET = 10.3;
				MTL_ENABLE_DEBUG_INFO = NO;
				SDKROOT = iphoneos;
				SWIFT_OPTIMIZATION_LEVEL = "-Owholemodule";
				TARGETED_DEVICE_FAMILY = "1,2";
				VALIDATE_PRODUCT = YES;
			};
			name = Release;
		};
		AB1EF7441F4C1FAA00BD2A4B /* Debug */ = {
			isa = XCBuildConfiguration;
			baseConfigurationReference = A5FD5D3B4EEE7A841DADB117 /* Pods-reading_list.debug.xcconfig */;
			buildSettings = {
				ASSETCATALOG_COMPILER_APPICON_NAME = AppIcon;
				INFOPLIST_FILE = reading_list/Info.plist;
				LD_RUNPATH_SEARCH_PATHS = "$(inherited) @executable_path/Frameworks";
				PRODUCT_BUNDLE_IDENTIFIER = "nttr.reading-list";
				PRODUCT_NAME = "$(TARGET_NAME)";
				SWIFT_VERSION = 3.0;
			};
			name = Debug;
		};
		AB1EF7451F4C1FAA00BD2A4B /* Release */ = {
			isa = XCBuildConfiguration;
			baseConfigurationReference = F57784ECCA1B4A9F10BE6455 /* Pods-reading_list.release.xcconfig */;
			buildSettings = {
				ASSETCATALOG_COMPILER_APPICON_NAME = AppIcon;
				INFOPLIST_FILE = reading_list/Info.plist;
				LD_RUNPATH_SEARCH_PATHS = "$(inherited) @executable_path/Frameworks";
				PRODUCT_BUNDLE_IDENTIFIER = "nttr.reading-list";
				PRODUCT_NAME = "$(TARGET_NAME)";
				SWIFT_VERSION = 3.0;
			};
			name = Release;
		};
/* End XCBuildConfiguration section */

/* Begin XCConfigurationList section */
		AB1EF72C1F4C1FAA00BD2A4B /* Build configuration list for PBXProject "reading_list" */ = {
			isa = XCConfigurationList;
			buildConfigurations = (
				AB1EF7411F4C1FAA00BD2A4B /* Debug */,
				AB1EF7421F4C1FAA00BD2A4B /* Release */,
			);
			defaultConfigurationIsVisible = 0;
			defaultConfigurationName = Release;
		};
		AB1EF7431F4C1FAA00BD2A4B /* Build configuration list for PBXNativeTarget "reading_list" */ = {
			isa = XCConfigurationList;
			buildConfigurations = (
				AB1EF7441F4C1FAA00BD2A4B /* Debug */,
				AB1EF7451F4C1FAA00BD2A4B /* Release */,
			);
			defaultConfigurationIsVisible = 0;
			defaultConfigurationName = Release;
		};
/* End XCConfigurationList section */
	};
	rootObject = AB1EF7291F4C1FAA00BD2A4B /* Project object */;
}
